speakeasyVersion: 1.535.1
sources:
    Nkwa Pay API:
        sourceNamespace: nkwa-pay-api
        sourceRevisionDigest: sha256:3f691b44e3b7a4a7134811be2b244a958710b3aca7dc9b14ac18d52e3a135f80
        sourceBlobDigest: sha256:506af0afee6b44c538f268fba97fc5fdca017424db7ff2f2ff85289a3d826ab3
        tags:
            - latest
            - 1.0.0
targets:
    pay:
        source: Nkwa Pay API
        sourceNamespace: nkwa-pay-api
        sourceRevisionDigest: sha256:3f691b44e3b7a4a7134811be2b244a958710b3aca7dc9b14ac18d52e3a135f80
        sourceBlobDigest: sha256:506af0afee6b44c538f268fba97fc5fdca017424db7ff2f2ff85289a3d826ab3
        codeSamplesNamespace: nkwa-pay-api-python-code-samples
        codeSamplesRevisionDigest: sha256:84d49877553f8dd6eaf81c8f284d7bb969fc1448d53f4e4e8fd22d722d7b4e8a
workflow:
    workflowVersion: 1.0.0
    speakeasyVersion: latest
    sources:
        Nkwa Pay API:
            inputs:
                - location: /Users/ebaneck/Downloads/nkwa-pay-openapi.json
            overlays:
                - location: .speakeasy/speakeasy-modifications-overlay.yaml
            registry:
                location: registry.speakeasyapi.dev/nkwa/pay/nkwa-pay-api
    targets:
        pay:
            target: python
            source: Nkwa Pay API
            publish:
                pypi:
                    token: $pypi_token
            codeSamples:
                registry:
                    location: registry.speakeasyapi.dev/nkwa/pay/nkwa-pay-api-python-code-samples
                labelOverride:
                    fixedValue: Python (SDK)
                blocking: false
