speakeasyVersion: 1.542.1
sources:
    Nkwa Pay API:
        sourceNamespace: nkwa-pay-api
        sourceRevisionDigest: sha256:b3b71ff17ecda103cbf24a8f1f010b24246da18cc6c910de18556b87b56f33ce
        sourceBlobDigest: sha256:430e72a4e27ad9082098d60324b77422e9f4f5229383ef1facec1c504e9909a5
        tags:
            - latest
            - speakeasy-sdk-regen-1746423393
            - 1.0.0
targets:
    pay:
        source: Nkwa Pay API
        sourceNamespace: nkwa-pay-api
        sourceRevisionDigest: sha256:b3b71ff17ecda103cbf24a8f1f010b24246da18cc6c910de18556b87b56f33ce
        sourceBlobDigest: sha256:430e72a4e27ad9082098d60324b77422e9f4f5229383ef1facec1c504e9909a5
        codeSamplesNamespace: nkwa-pay-api-python-code-samples
        codeSamplesRevisionDigest: sha256:e291a9a994b49f94ab09d47c18f613711fdcffaa9ad1fafad9bc0e84a2f72e75
workflow:
    workflowVersion: 1.0.0
    speakeasyVersion: latest
    sources:
        Nkwa Pay API:
            inputs:
                - location: https://raw.githubusercontent.com/nkwa/pay-postman/refs/heads/main/openapi.json
            overlays:
                - location: .speakeasy/speakeasy-modifications-overlay.yaml
            registry:
                location: registry.speakeasyapi.dev/nkwa/pay/nkwa-pay-api
    targets:
        pay:
            target: python
            source: Nkwa Pay API
            publish:
                pypi:
                    token: $pypi_token
            codeSamples:
                registry:
                    location: registry.speakeasyapi.dev/nkwa/pay/nkwa-pay-api-python-code-samples
                labelOverride:
                    fixedValue: Python (SDK)
                blocking: false
